{
  "pins" : [
    {
      "identity" : "swift-syntax",
      "kind" : "remoteSourceControl",
      "location" : "https://github.com/apple/swift-syntax",
      "state" : {
        "branch" : "main",
        "revision" : "0bf5b6c650efd8c5df3c75711aa5999c435adc05"
      }
    }
  ],
  "version" : 2
}
