{
  "pins" : [
    {
      "identity" : "swift-syntax",
      "kind" : "remoteSourceControl",
      "location" : "https://github.com/swiftlang/swift-syntax",
      "state" : {
        "branch" : "main",
        "revision" : "8dd87fc86425846984081ba15351225569cfd42e"
      }
    }
  ],
  "version" : 2
}
