{
  "pins" : [
    {
      "identity" : "swift-syntax",
      "kind" : "remoteSourceControl",
      "location" : "https://github.com/apple/swift-syntax",
      "state" : {
        "branch" : "main",
        "revision" : "7c1c56c0aa505c939b210b9f3b6797417107820a"
      }
    }
  ],
  "version" : 2
}
