{
  "pins" : [
    {
      "identity" : "stringwidth",
      "kind" : "remoteSourceControl",
      "location" : "https://github.com/kishikawakatsumi/StringWidth.git",
      "state" : {
        "branch" : "main",
        "revision" : "5cdd9a3f11758364ea920635992c9d54aa14c9bd"
      }
    },
    {
      "identity" : "swift-syntax",
      "kind" : "remoteSourceControl",
      "location" : "https://github.com/apple/swift-syntax",
      "state" : {
        "revision" : "2c49d66d34dfd6f8130afdba889de77504b58ec0",
        "version" : "508.0.1"
      }
    }
  ],
  "version" : 2
}
