{
  "pins" : [
    {
      "identity" : "stringwidth",
      "kind" : "remoteSourceControl",
      "location" : "https://github.com/kishikawakatsumi/StringWidth.git",
      "state" : {
        "branch" : "main",
        "revision" : "e4c8035546a046d3461a1621c5643a963f97bc20"
      }
    },
    {
      "identity" : "swift-syntax",
      "kind" : "remoteSourceControl",
      "location" : "https://github.com/apple/swift-syntax",
      "state" : {
        "revision" : "2c49d66d34dfd6f8130afdba889de77504b58ec0",
        "version" : "508.0.1"
      }
    }
  ],
  "version" : 2
}
