{
  "pins" : [
    {
      "identity" : "swift-syntax",
      "kind" : "remoteSourceControl",
      "location" : "https://github.com/apple/swift-syntax",
      "state" : {
        "branch" : "release/5.9",
        "revision" : "7e604a69bf197163f4f6c149858d17f19ef3ae07"
      }
    }
  ],
  "version" : 2
}
