{
  "pins" : [
    {
      "identity" : "swift-syntax",
      "kind" : "remoteSourceControl",
      "location" : "https://github.com/apple/swift-syntax",
      "state" : {
        "branch" : "release/5.9",
        "revision" : "59ed009d2c4a5a6b78f75a25679b6417ac040dcf"
      }
    }
  ],
  "version" : 2
}
