{
  "pins" : [
    {
      "identity" : "swift-syntax",
      "kind" : "remoteSourceControl",
      "location" : "https://github.com/apple/swift-syntax",
      "state" : {
        "branch" : "release/5.9",
        "revision" : "467989555181a5145d371ca390ef880ad5d46987"
      }
    }
  ],
  "version" : 2
}
