{
  "pins" : [
    {
      "identity" : "swift-syntax",
      "kind" : "remoteSourceControl",
      "location" : "https://github.com/apple/swift-syntax",
      "state" : {
        "branch" : "main",
        "revision" : "e7068e8eb76542591a189f703f8b62881a520588"
      }
    }
  ],
  "version" : 2
}
