{
  "pins" : [
    {
      "identity" : "swift-syntax",
      "kind" : "remoteSourceControl",
      "location" : "https://github.com/apple/swift-syntax",
      "state" : {
        "branch" : "main",
        "revision" : "2c5b75255d020a130995fe165964fbe799dd73b1"
      }
    }
  ],
  "version" : 2
}
