{
  "pins" : [
    {
      "identity" : "swift-syntax",
      "kind" : "remoteSourceControl",
      "location" : "https://github.com/apple/swift-syntax",
      "state" : {
        "branch" : "release/5.9",
        "revision" : "fbf3222220178e2fcb7695e24d84aa41b18eff65"
      }
    }
  ],
  "version" : 2
}
