{
  "pins" : [
    {
      "identity" : "stringwidth",
      "kind" : "remoteSourceControl",
      "location" : "https://github.com/kishikawakatsumi/StringWidth.git",
      "state" : {
        "branch" : "main",
        "revision" : "5cdd9a3f11758364ea920635992c9d54aa14c9bd"
      }
    },
    {
      "identity" : "swift-syntax",
      "kind" : "remoteSourceControl",
      "location" : "https://github.com/apple/swift-syntax",
      "state" : {
        "branch" : "release/5.9",
        "revision" : "2ae7e2e9ca3ee221bf54caf39dafbe60a9100112"
      }
    }
  ],
  "version" : 2
}
