{
  "pins" : [
    {
      "identity" : "stringwidth",
      "kind" : "remoteSourceControl",
      "location" : "https://github.com/kishikawakatsumi/StringWidth.git",
      "state" : {
        "branch" : "main",
        "revision" : "e4c8035546a046d3461a1621c5643a963f97bc20"
      }
    },
    {
      "identity" : "swift-syntax",
      "kind" : "remoteSourceControl",
      "location" : "https://github.com/apple/swift-syntax",
      "state" : {
        "branch" : "release/5.9",
        "revision" : "2ae7e2e9ca3ee221bf54caf39dafbe60a9100112"
      }
    }
  ],
  "version" : 2
}
